
Microsoft Visual Studio Solution File, Format Version 12.00
# Visual Studio 15
VisualStudioVersion = 15.0.27703.2018
MinimumVisualStudioVersion = 10.0.40219.1
Project("{8BC9CEB8-8B4A-11D0-8D11-00A0C91BC942}") = "ConsoleApplication1", "ConsoleApplication1\ConsoleApplication1.vcxproj", "{3B45875E-521D-42A9-A2C6-5720ABCD5958}"
EndProject
Global
	GlobalSection(SolutionConfigurationPlatforms) = preSolution
		Debug|x64 = Debug|x64
		Debug|x86 = Debug|x86
		Release|x64 = Release|x64
		Release|x86 = Release|x86
	EndGlobalSection
	GlobalSection(ProjectConfigurationPlatforms) = postSolution
		{3B45875E-521D-42A9-A2C6-5720ABCD5958}.Debug|x64.ActiveCfg = Debug|x64
		{3B45875E-521D-42A9-A2C6-5720ABCD5958}.Debug|x64.Build.0 = Debug|x64
		{3B45875E-521D-42A9-A2C6-5720ABCD5958}.Debug|x86.ActiveCfg = Debug|Win32
		{3B45875E-521D-42A9-A2C6-5720ABCD5958}.Debug|x86.Build.0 = Debug|Win32
		{3B45875E-521D-42A9-A2C6-5720ABCD5958}.Release|x64.ActiveCfg = Release|x64
		{3B45875E-521D-42A9-A2C6-5720ABCD5958}.Release|x64.Build.0 = Release|x64
		{3B45875E-521D-42A9-A2C6-5720ABCD5958}.Release|x86.ActiveCfg = Release|Win32
		{3B45875E-521D-42A9-A2C6-5720ABCD5958}.Release|x86.Build.0 = Release|Win32
	EndGlobalSection
	GlobalSection(SolutionProperties) = preSolution
		HideSolutionNode = FALSE
	EndGlobalSection
	GlobalSection(ExtensibilityGlobals) = postSolution
		SolutionGuid = {FE203DFA-CBE2-41B9-ABC8-F9ACD013D366}
	EndGlobalSection
EndGlobal
